Microsoft Visual Studio Solution File, Format Version 12.00
# Visual Studio Version 17
VisualStudioVersion = 17.5.2.0
MinimumVisualStudioVersion = 10.0.40219.1
Project("{2150E333-8FDC-42A3-9474-1A3956D46DE8}") = "examples", "examples", "{B36A84DF-456D-A817-6EDD-3EC3E7F6E11F}"
EndProject
Project("{2150E333-8FDC-42A3-9474-1A3956D46DE8}") = "idea-management", "idea-management", "{588F9416-2EE2-BD2B-E353-8F1CBE74B852}"
EndProject
Project("{2150E333-8FDC-42A3-9474-1A3956D46DE8}") = "src", "src", "{6CA3A8B3-E07B-0741-0256-5F0F08BF5F72}"
EndProject
Project("{FAE04EC0-301F-11D3-BF4B-00C04F79EFBC}") = "IdeaManagement", "examples\idea-management\src\IdeaManagement\IdeaManagement.csproj", "{0678D724-BE70-D9BC-515A-C06A463B613C}"
EndProject
Project("{2150E333-8FDC-42A3-9474-1A3956D46DE8}") = "tests", "tests", "{298364C0-61C4-1C81-9746-D1DF3A24BE96}"
EndProject
Project("{FAE04EC0-301F-11D3-BF4B-00C04F79EFBC}") = "IdeaManagement.Tests", "examples\idea-management\tests\IdeaManagement.Tests\IdeaManagement.Tests.csproj", "{5F87A1E9-9999-7F1C-845D-FE50A0D8C9B8}"
EndProject
Global
	GlobalSection(SolutionConfigurationPlatforms) = preSolution
		Debug|Any CPU = Debug|Any CPU
		Release|Any CPU = Release|Any CPU
	EndGlobalSection
	GlobalSection(ProjectConfigurationPlatforms) = postSolution
		{0678D724-BE70-D9BC-515A-C06A463B613C}.Debug|Any CPU.ActiveCfg = Debug|Any CPU
		{0678D724-BE70-D9BC-515A-C06A463B613C}.Debug|Any CPU.Build.0 = Debug|Any CPU
		{0678D724-BE70-D9BC-515A-C06A463B613C}.Release|Any CPU.ActiveCfg = Release|Any CPU
		{0678D724-BE70-D9BC-515A-C06A463B613C}.Release|Any CPU.Build.0 = Release|Any CPU
		{5F87A1E9-9999-7F1C-845D-FE50A0D8C9B8}.Debug|Any CPU.ActiveCfg = Debug|Any CPU
		{5F87A1E9-9999-7F1C-845D-FE50A0D8C9B8}.Debug|Any CPU.Build.0 = Debug|Any CPU
		{5F87A1E9-9999-7F1C-845D-FE50A0D8C9B8}.Release|Any CPU.ActiveCfg = Release|Any CPU
		{5F87A1E9-9999-7F1C-845D-FE50A0D8C9B8}.Release|Any CPU.Build.0 = Release|Any CPU
	EndGlobalSection
	GlobalSection(SolutionProperties) = preSolution
		HideSolutionNode = FALSE
	EndGlobalSection
	GlobalSection(NestedProjects) = preSolution
		{588F9416-2EE2-BD2B-E353-8F1CBE74B852} = {B36A84DF-456D-A817-6EDD-3EC3E7F6E11F}
		{6CA3A8B3-E07B-0741-0256-5F0F08BF5F72} = {588F9416-2EE2-BD2B-E353-8F1CBE74B852}
		{0678D724-BE70-D9BC-515A-C06A463B613C} = {6CA3A8B3-E07B-0741-0256-5F0F08BF5F72}
		{298364C0-61C4-1C81-9746-D1DF3A24BE96} = {588F9416-2EE2-BD2B-E353-8F1CBE74B852}
		{5F87A1E9-9999-7F1C-845D-FE50A0D8C9B8} = {298364C0-61C4-1C81-9746-D1DF3A24BE96}
	EndGlobalSection
	GlobalSection(ExtensibilityGlobals) = postSolution
		SolutionGuid = {378420F7-4F01-4681-920D-44570A87B2EB}
	EndGlobalSection
EndGlobal
